// !$*UTF8*$!
{
	archiveVersion = 1;
	classes = {
	};
	objectVersion = 46;
	objects = {

/* Begin PBXBuildFile section */
		F861D1A317A6EDDF00998C1D /* GIKTextLink.m in Sources */ = {isa = PBXBuildFile; fileRef = F861D1A217A6EDDF00998C1D /* GIKTextLink.m */; };
		F872E60017A31CB800A3C9F9 /* UIKit.framework in Frameworks */ = {isa = PBXBuildFile; fileRef = F872E5FF17A31CB800A3C9F9 /* UIKit.framework */; };
		F872E60217A31CB800A3C9F9 /* Foundation.framework in Frameworks */ = {isa = PBXBuildFile; fileRef = F872E60117A31CB800A3C9F9 /* Foundation.framework */; };
		F872E60417A31CB800A3C9F9 /* CoreGraphics.framework in Frameworks */ = {isa = PBXBuildFile; fileRef = F872E60317A31CB800A3C9F9 /* CoreGraphics.framework */; };
		F872E60A17A31CB800A3C9F9 /* InfoPlist.strings in Resources */ = {isa = PBXBuildFile; fileRef = F872E60817A31CB800A3C9F9 /* InfoPlist.strings */; };
		F872E60C17A31CB800A3C9F9 /* main.m in Sources */ = {isa = PBXBuildFile; fileRef = F872E60B17A31CB800A3C9F9 /* main.m */; };
		F872E61017A31CB800A3C9F9 /* GIKAppDelegate.m in Sources */ = {isa = PBXBuildFile; fileRef = F872E60F17A31CB800A3C9F9 /* GIKAppDelegate.m */; };
		F872E61217A31CB800A3C9F9 /* Default.png in Resources */ = {isa = PBXBuildFile; fileRef = F872E61117A31CB800A3C9F9 /* Default.png */; };
		F872E61417A31CB800A3C9F9 /* Default@2x.png in Resources */ = {isa = PBXBuildFile; fileRef = F872E61317A31CB800A3C9F9 /* Default@2x.png */; };
		F872E61617A31CB800A3C9F9 /* Default-568h@2x.png in Resources */ = {isa = PBXBuildFile; fileRef = F872E61517A31CB800A3C9F9 /* Default-568h@2x.png */; };
		F872E61917A31CB800A3C9F9 /* MainStoryboard.storyboard in Resources */ = {isa = PBXBuildFile; fileRef = F872E61717A31CB800A3C9F9 /* MainStoryboard.storyboard */; };
		F872E61C17A31CB800A3C9F9 /* GIKViewController.m in Sources */ = {isa = PBXBuildFile; fileRef = F872E61B17A31CB800A3C9F9 /* GIKViewController.m */; };
		F872E62417A6A53500A3C9F9 /* GIKTextView.m in Sources */ = {isa = PBXBuildFile; fileRef = F872E62317A6A53500A3C9F9 /* GIKTextView.m */; };
/* End PBXBuildFile section */

/* Begin PBXFileReference section */
		F861D1A117A6EDDF00998C1D /* GIKTextLink.h */ = {isa = PBXFileReference; fileEncoding = 4; lastKnownFileType = sourcecode.c.h; path = GIKTextLink.h; sourceTree = "<group>"; };
		F861D1A217A6EDDF00998C1D /* GIKTextLink.m */ = {isa = PBXFileReference; fileEncoding = 4; lastKnownFileType = sourcecode.c.objc; path = GIKTextLink.m; sourceTree = "<group>"; };
		F872E5FC17A31CB800A3C9F9 /* HyperlinkingTextView.app */ = {isa = PBXFileReference; explicitFileType = wrapper.application; includeInIndex = 0; path = HyperlinkingTextView.app; sourceTree = BUILT_PRODUCTS_DIR; };
		F872E5FF17A31CB800A3C9F9 /* UIKit.framework */ = {isa = PBXFileReference; lastKnownFileType = wrapper.framework; name = UIKit.framework; path = System/Library/Frameworks/UIKit.framework; sourceTree = SDKROOT; };
		F872E60117A31CB800A3C9F9 /* Foundation.framework */ = {isa = PBXFileReference; lastKnownFileType = wrapper.framework; name = Foundation.framework; path = System/Library/Frameworks/Foundation.framework; sourceTree = SDKROOT; };
		F872E60317A31CB800A3C9F9 /* CoreGraphics.framework */ = {isa = PBXFileReference; lastKnownFileType = wrapper.framework; name = CoreGraphics.framework; path = System/Library/Frameworks/CoreGraphics.framework; sourceTree = SDKROOT; };
		F872E60717A31CB800A3C9F9 /* HyperlinkingTextView-Info.plist */ = {isa = PBXFileReference; lastKnownFileType = text.plist.xml; path = "HyperlinkingTextView-Info.plist"; sourceTree = "<group>"; };
		F872E60917A31CB800A3C9F9 /* en */ = {isa = PBXFileReference; lastKnownFileType = text.plist.strings; name = en; path = en.lproj/InfoPlist.strings; sourceTree = "<group>"; };
		F872E60B17A31CB800A3C9F9 /* main.m */ = {isa = PBXFileReference; lastKnownFileType = sourcecode.c.objc; path = main.m; sourceTree = "<group>"; };
		F872E60D17A31CB800A3C9F9 /* HyperlinkingTextView-Prefix.pch */ = {isa = PBXFileReference; lastKnownFileType = sourcecode.c.h; path = "HyperlinkingTextView-Prefix.pch"; sourceTree = "<group>"; };
		F872E60E17A31CB800A3C9F9 /* GIKAppDelegate.h */ = {isa = PBXFileReference; lastKnownFileType = sourcecode.c.h; path = GIKAppDelegate.h; sourceTree = "<group>"; };
		F872E60F17A31CB800A3C9F9 /* GIKAppDelegate.m */ = {isa = PBXFileReference; lastKnownFileType = sourcecode.c.objc; path = GIKAppDelegate.m; sourceTree = "<group>"; };
		F872E61117A31CB800A3C9F9 /* Default.png */ = {isa = PBXFileReference; lastKnownFileType = image.png; path = Default.png; sourceTree = "<group>"; };
		F872E61317A31CB800A3C9F9 /* Default@2x.png */ = {isa = PBXFileReference; lastKnownFileType = image.png; path = "Default@2x.png"; sourceTree = "<group>"; };
		F872E61517A31CB800A3C9F9 /* Default-568h@2x.png */ = {isa = PBXFileReference; lastKnownFileType = image.png; path = "Default-568h@2x.png"; sourceTree = "<group>"; };
		F872E61817A31CB800A3C9F9 /* en */ = {isa = PBXFileReference; lastKnownFileType = file.storyboard; name = en; path = en.lproj/MainStoryboard.storyboard; sourceTree = "<group>"; };
		F872E61A17A31CB800A3C9F9 /* GIKViewController.h */ = {isa = PBXFileReference; lastKnownFileType = sourcecode.c.h; path = GIKViewController.h; sourceTree = "<group>"; };
		F872E61B17A31CB800A3C9F9 /* GIKViewController.m */ = {isa = PBXFileReference; lastKnownFileType = sourcecode.c.objc; path = GIKViewController.m; sourceTree = "<group>"; };
		F872E62217A6A53500A3C9F9 /* GIKTextView.h */ = {isa = PBXFileReference; fileEncoding = 4; lastKnownFileType = sourcecode.c.h; path = GIKTextView.h; sourceTree = "<group>"; };
		F872E62317A6A53500A3C9F9 /* GIKTextView.m */ = {isa = PBXFileReference; fileEncoding = 4; lastKnownFileType = sourcecode.c.objc; path = GIKTextView.m; sourceTree = "<group>"; };
/* End PBXFileReference section */

/* Begin PBXFrameworksBuildPhase section */
		F872E5F917A31CB800A3C9F9 /* Frameworks */ = {
			isa = PBXFrameworksBuildPhase;
			buildActionMask = 2147483647;
			files = (
				F872E60017A31CB800A3C9F9 /* UIKit.framework in Frameworks */,
				F872E60217A31CB800A3C9F9 /* Foundation.framework in Frameworks */,
				F872E60417A31CB800A3C9F9 /* CoreGraphics.framework in Frameworks */,
			);
			runOnlyForDeploymentPostprocessing = 0;
		};
/* End PBXFrameworksBuildPhase section */

/* Begin PBXGroup section */
		F872E5F317A31CB800A3C9F9 = {
			isa = PBXGroup;
			children = (
				F872E60517A31CB800A3C9F9 /* HyperlinkingTextView */,
				F872E5FE17A31CB800A3C9F9 /* Frameworks */,
				F872E5FD17A31CB800A3C9F9 /* Products */,
			);
			sourceTree = "<group>";
		};
		F872E5FD17A31CB800A3C9F9 /* Products */ = {
			isa = PBXGroup;
			children = (
				F872E5FC17A31CB800A3C9F9 /* HyperlinkingTextView.app */,
			);
			name = Products;
			sourceTree = "<group>";
		};
		F872E5FE17A31CB800A3C9F9 /* Frameworks */ = {
			isa = PBXGroup;
			children = (
				F872E5FF17A31CB800A3C9F9 /* UIKit.framework */,
				F872E60117A31CB800A3C9F9 /* Foundation.framework */,
				F872E60317A31CB800A3C9F9 /* CoreGraphics.framework */,
			);
			name = Frameworks;
			sourceTree = "<group>";
		};
		F872E60517A31CB800A3C9F9 /* HyperlinkingTextView */ = {
			isa = PBXGroup;
			children = (
				F872E60E17A31CB800A3C9F9 /* GIKAppDelegate.h */,
				F872E60F17A31CB800A3C9F9 /* GIKAppDelegate.m */,
				F872E61717A31CB800A3C9F9 /* MainStoryboard.storyboard */,
				F872E61A17A31CB800A3C9F9 /* GIKViewController.h */,
				F872E61B17A31CB800A3C9F9 /* GIKViewController.m */,
				F872E62217A6A53500A3C9F9 /* GIKTextView.h */,
				F872E62317A6A53500A3C9F9 /* GIKTextView.m */,
				F861D1A117A6EDDF00998C1D /* GIKTextLink.h */,
				F861D1A217A6EDDF00998C1D /* GIKTextLink.m */,
				F872E60617A31CB800A3C9F9 /* Supporting Files */,
			);
			path = HyperlinkingTextView;
			sourceTree = "<group>";
		};
		F872E60617A31CB800A3C9F9 /* Supporting Files */ = {
			isa = PBXGroup;
			children = (
				F872E60717A31CB800A3C9F9 /* HyperlinkingTextView-Info.plist */,
				F872E60817A31CB800A3C9F9 /* InfoPlist.strings */,
				F872E60B17A31CB800A3C9F9 /* main.m */,
				F872E60D17A31CB800A3C9F9 /* HyperlinkingTextView-Prefix.pch */,
				F872E61117A31CB800A3C9F9 /* Default.png */,
				F872E61317A31CB800A3C9F9 /* Default@2x.png */,
				F872E61517A31CB800A3C9F9 /* Default-568h@2x.png */,
			);
			name = "Supporting Files";
			sourceTree = "<group>";
		};
/* End PBXGroup section */

/* Begin PBXNativeTarget section */
		F872E5FB17A31CB800A3C9F9 /* HyperlinkingTextView */ = {
			isa = PBXNativeTarget;
			buildConfigurationList = F872E61F17A31CB800A3C9F9 /* Build configuration list for PBXNativeTarget "HyperlinkingTextView" */;
			buildPhases = (
				F872E5F817A31CB800A3C9F9 /* Sources */,
				F872E5F917A31CB800A3C9F9 /* Frameworks */,
				F872E5FA17A31CB800A3C9F9 /* Resources */,
			);
			buildRules = (
			);
			dependencies = (
			);
			name = HyperlinkingTextView;
			productName = HyperlinkingTextView;
			productReference = F872E5FC17A31CB800A3C9F9 /* HyperlinkingTextView.app */;
			productType = "com.apple.product-type.application";
		};
/* End PBXNativeTarget section */

/* Begin PBXProject section */
		F872E5F417A31CB800A3C9F9 /* Project object */ = {
			isa = PBXProject;
			attributes = {
				CLASSPREFIX = GIK;
				LastUpgradeCheck = 0460;
				ORGANIZATIONNAME = "Gordon Hughes";
			};
			buildConfigurationList = F872E5F717A31CB800A3C9F9 /* Build configuration list for PBXProject "HyperlinkingTextView" */;
			compatibilityVersion = "Xcode 3.2";
			developmentRegion = English;
			hasScannedForEncodings = 0;
			knownRegions = (
				en,
			);
			mainGroup = F872E5F317A31CB800A3C9F9;
			productRefGroup = F872E5FD17A31CB800A3C9F9 /* Products */;
			projectDirPath = "";
			projectRoot = "";
			targets = (
				F872E5FB17A31CB800A3C9F9 /* HyperlinkingTextView */,
			);
		};
/* End PBXProject section */

/* Begin PBXResourcesBuildPhase section */
		F872E5FA17A31CB800A3C9F9 /* Resources */ = {
			isa = PBXResourcesBuildPhase;
			buildActionMask = 2147483647;
			files = (
				F872E60A17A31CB800A3C9F9 /* InfoPlist.strings in Resources */,
				F872E61217A31CB800A3C9F9 /* Default.png in Resources */,
				F872E61417A31CB800A3C9F9 /* Default@2x.png in Resources */,
				F872E61617A31CB800A3C9F9 /* Default-568h@2x.png in Resources */,
				F872E61917A31CB800A3C9F9 /* MainStoryboard.storyboard in Resources */,
			);
			runOnlyForDeploymentPostprocessing = 0;
		};
/* End PBXResourcesBuildPhase section */

/* Begin PBXSourcesBuildPhase section */
		F872E5F817A31CB800A3C9F9 /* Sources */ = {
			isa = PBXSourcesBuildPhase;
			buildActionMask = 2147483647;
			files = (
				F872E60C17A31CB800A3C9F9 /* main.m in Sources */,
				F872E61017A31CB800A3C9F9 /* GIKAppDelegate.m in Sources */,
				F872E61C17A31CB800A3C9F9 /* GIKViewController.m in Sources */,
				F872E62417A6A53500A3C9F9 /* GIKTextView.m in Sources */,
				F861D1A317A6EDDF00998C1D /* GIKTextLink.m in Sources */,
			);
			runOnlyForDeploymentPostprocessing = 0;
		};
/* End PBXSourcesBuildPhase section */

/* Begin PBXVariantGroup section */
		F872E60817A31CB800A3C9F9 /* InfoPlist.strings */ = {
			isa = PBXVariantGroup;
			children = (
				F872E60917A31CB800A3C9F9 /* en */,
			);
			name = InfoPlist.strings;
			sourceTree = "<group>";
		};
		F872E61717A31CB800A3C9F9 /* MainStoryboard.storyboard */ = {
			isa = PBXVariantGroup;
			children = (
				F872E61817A31CB800A3C9F9 /* en */,
			);
			name = MainStoryboard.storyboard;
			sourceTree = "<group>";
		};
/* End PBXVariantGroup section */

/* Begin XCBuildConfiguration section */
		F872E61D17A31CB800A3C9F9 /* Debug */ = {
			isa = XCBuildConfiguration;
			buildSettings = {
				ALWAYS_SEARCH_USER_PATHS = NO;
				CLANG_CXX_LANGUAGE_STANDARD = "gnu++0x";
				CLANG_CXX_LIBRARY = "libc++";
				CLANG_ENABLE_OBJC_ARC = YES;
				CLANG_WARN_CONSTANT_CONVERSION = YES;
				CLANG_WARN_EMPTY_BODY = YES;
				CLANG_WARN_ENUM_CONVERSION = YES;
				CLANG_WARN_INT_CONVERSION = YES;
				CLANG_WARN__DUPLICATE_METHOD_MATCH = YES;
				"CODE_SIGN_IDENTITY[sdk=iphoneos*]" = "iPhone Developer";
				COPY_PHASE_STRIP = NO;
				GCC_C_LANGUAGE_STANDARD = gnu99;
				GCC_DYNAMIC_NO_PIC = NO;
				GCC_OPTIMIZATION_LEVEL = 0;
				GCC_PREPROCESSOR_DEFINITIONS = (
					"DEBUG=1",
					"$(inherited)",
				);
				GCC_SYMBOLS_PRIVATE_EXTERN = NO;
				GCC_WARN_ABOUT_RETURN_TYPE = YES;
				GCC_WARN_UNINITIALIZED_AUTOS = YES;
				GCC_WARN_UNUSED_VARIABLE = YES;
				IPHONEOS_DEPLOYMENT_TARGET = 6.1;
				ONLY_ACTIVE_ARCH = YES;
				SDKROOT = iphoneos;
			};
			name = Debug;
		};
		F872E61E17A31CB800A3C9F9 /* Release */ = {
			isa = XCBuildConfiguration;
			buildSettings = {
				ALWAYS_SEARCH_USER_PATHS = NO;
				CLANG_CXX_LANGUAGE_STANDARD = "gnu++0x";
				CLANG_CXX_LIBRARY = "libc++";
				CLANG_ENABLE_OBJC_ARC = YES;
				CLANG_WARN_CONSTANT_CONVERSION = YES;
				CLANG_WARN_EMPTY_BODY = YES;
				CLANG_WARN_ENUM_CONVERSION = YES;
				CLANG_WARN_INT_CONVERSION = YES;
				CLANG_WARN__DUPLICATE_METHOD_MATCH = YES;
				"CODE_SIGN_IDENTITY[sdk=iphoneos*]" = "iPhone Developer";
				COPY_PHASE_STRIP = YES;
				GCC_C_LANGUAGE_STANDARD = gnu99;
				GCC_WARN_ABOUT_RETURN_TYPE = YES;
				GCC_WARN_UNINITIALIZED_AUTOS = YES;
				GCC_WARN_UNUSED_VARIABLE = YES;
				IPHONEOS_DEPLOYMENT_TARGET = 6.1;
				OTHER_CFLAGS = "-DNS_BLOCK_ASSERTIONS=1";
				SDKROOT = iphoneos;
				VALIDATE_PRODUCT = YES;
			};
			name = Release;
		};
		F872E62017A31CB800A3C9F9 /* Debug */ = {
			isa = XCBuildConfiguration;
			buildSettings = {
				GCC_PRECOMPILE_PREFIX_HEADER = YES;
				GCC_PREFIX_HEADER = "HyperlinkingTextView/HyperlinkingTextView-Prefix.pch";
				INFOPLIST_FILE = "HyperlinkingTextView/HyperlinkingTextView-Info.plist";
				PRODUCT_NAME = "$(TARGET_NAME)";
				WRAPPER_EXTENSION = app;
			};
			name = Debug;
		};
		F872E62117A31CB800A3C9F9 /* Release */ = {
			isa = XCBuildConfiguration;
			buildSettings = {
				GCC_PRECOMPILE_PREFIX_HEADER = YES;
				GCC_PREFIX_HEADER = "HyperlinkingTextView/HyperlinkingTextView-Prefix.pch";
				INFOPLIST_FILE = "HyperlinkingTextView/HyperlinkingTextView-Info.plist";
				PRODUCT_NAME = "$(TARGET_NAME)";
				WRAPPER_EXTENSION = app;
			};
			name = Release;
		};
/* End XCBuildConfiguration section */

/* Begin XCConfigurationList section */
		F872E5F717A31CB800A3C9F9 /* Build configuration list for PBXProject "HyperlinkingTextView" */ = {
			isa = XCConfigurationList;
			buildConfigurations = (
				F872E61D17A31CB800A3C9F9 /* Debug */,
				F872E61E17A31CB800A3C9F9 /* Release */,
			);
			defaultConfigurationIsVisible = 0;
			defaultConfigurationName = Release;
		};
		F872E61F17A31CB800A3C9F9 /* Build configuration list for PBXNativeTarget "HyperlinkingTextView" */ = {
			isa = XCConfigurationList;
			buildConfigurations = (
				F872E62017A31CB800A3C9F9 /* Debug */,
				F872E62117A31CB800A3C9F9 /* Release */,
			);
			defaultConfigurationIsVisible = 0;
			defaultConfigurationName = Release;
		};
/* End XCConfigurationList section */
	};
	rootObject = F872E5F417A31CB800A3C9F9 /* Project object */;
}
